{
  "projects": [
    {
      "projectId": "szjgMQpPpxhmkjnaBvZQJG",
      "version": "2.28.0",
      "dependencies": {},
      "lang": "ts",
      "fileLocks": [
        {
          "assetId": "szjgMQpPpxhmkjnaBvZQJG",
          "type": "projectCss",
          "checksum": "72ff85f8dbd01d559ad13ce12accad86"
        }
      ],
      "codegenVersion": "0.0.1"
    },
    {
      "projectId": "r3ASNrnyvLLLAtDvzUioQ",
      "version": "4.8.0",
      "dependencies": {},
      "lang": "ts",
      "fileLocks": [
        {
          "assetId": "r3ASNrnyvLLLAtDvzUioQ",
          "type": "projectCss",
          "checksum": "1c02168c6b23256606111fdfdbb63549"
        }
      ],
      "codegenVersion": "0.0.1"
    },
    {
      "projectId": "jkU633o1Cz7HrJdwdxhVHk",
      "version": "16.13.0",
      "dependencies": {},
      "lang": "ts",
      "fileLocks": [
        {
          "assetId": "jkU633o1Cz7HrJdwdxhVHk",
          "type": "projectCss",
          "checksum": "cf57d229ecea50678d9d8d3bc0e3dd9b"
        }
      ],
      "codegenVersion": "0.0.1"
    },
    {
      "projectId": "58GpZjZCWTaJ8AUhpCwt2K",
      "version": "3.28.0",
      "dependencies": {},
      "lang": "ts",
      "fileLocks": [
        {
          "assetId": "58GpZjZCWTaJ8AUhpCwt2K",
          "type": "projectCss",
          "checksum": "f0469e206244772473ab64f50be898f9"
        }
      ],
      "codegenVersion": "0.0.1"
    },
    {
      "projectId": "84wxoth5npGrp6RRXPL88z",
      "version": "4.30.0",
      "dependencies": {},
      "lang": "ts",
      "fileLocks": [
        {
          "assetId": "84wxoth5npGrp6RRXPL88z",
          "type": "projectCss",
          "checksum": "aedf7b9afd779b089be209519ad30e96"
        },
        {
          "assetId": "84wxoth5npGrp6RRXPL88z",
          "checksum": "14e34fc8ee04382a88f671116234a1e3",
          "type": "globalContexts"
        }
      ],
      "codegenVersion": "0.0.1"
    },
    {
      "projectId": "ohDidvG9XsCeFumugENU3J",
      "version": "6.29.0",
      "dependencies": {},
      "lang": "ts",
      "fileLocks": [
        {
          "assetId": "ohDidvG9XsCeFumugENU3J",
          "type": "projectCss",
          "checksum": "ba2a60a163fca4f4d510275088a2be53"
        },
        {
          "assetId": "ohDidvG9XsCeFumugENU3J",
          "checksum": "de0a0e65174a6a185a8f822af51c6bdd",
          "type": "globalContexts"
        }
      ],
      "codegenVersion": "0.0.1"
    },
    {
      "projectId": "caTPwKxj5ZrD9LQ7DMdK4Z",
      "version": "3.40.0",
      "dependencies": {},
      "lang": "ts",
      "fileLocks": [
        {
          "assetId": "caTPwKxj5ZrD9LQ7DMdK4Z",
          "type": "projectCss",
          "checksum": "1c02168c6b23256606111fdfdbb63549"
        }
      ],
      "codegenVersion": "0.0.1"
    },
    {
      "projectId": "7nJ7UcFmq9UzB6eXfC5z4a",
      "version": "0.31.0",
      "dependencies": {},
      "lang": "ts",
      "fileLocks": [
        {
          "assetId": "7nJ7UcFmq9UzB6eXfC5z4a",
          "type": "projectCss",
          "checksum": "01e8cee5b9ce00fbc93f494c2a40dbf1"
        }
      ],
      "codegenVersion": "0.0.1"
    },
    {
      "projectId": "jFJFziXZKhcspnrEU1bpXe",
      "version": "latest",
      "dependencies": {
        "7nJ7UcFmq9UzB6eXfC5z4a": "0.31.0",
        "caTPwKxj5ZrD9LQ7DMdK4Z": "3.40.0",
        "ohDidvG9XsCeFumugENU3J": "6.29.0",
        "84wxoth5npGrp6RRXPL88z": "4.30.0",
        "58GpZjZCWTaJ8AUhpCwt2K": "3.28.0",
        "jkU633o1Cz7HrJdwdxhVHk": "16.13.0",
        "r3ASNrnyvLLLAtDvzUioQ": "4.8.0",
        "szjgMQpPpxhmkjnaBvZQJG": "2.28.0"
      },
      "lang": "ts",
      "fileLocks": [
        {
          "type": "globalVariant",
          "assetId": "yX0gVX02K4ujjJ",
          "checksum": "b4a2bd66d6ed94e651f27e8d16d1024f"
        },
        {
          "assetId": "jFJFziXZKhcspnrEU1bpXe",
          "checksum": "7a1e223eee012774ac5967ee5736dff5",
          "type": "globalContexts"
        },
        {
          "type": "renderModule",
          "assetId": "66CkW6Ym1C_rC",
          "checksum": "8e7abcdba4bdcc62469bd4e71be20cff"
        },
        {
          "type": "cssRules",
          "assetId": "66CkW6Ym1C_rC",
          "checksum": "8e7abcdba4bdcc62469bd4e71be20cff"
        },
        {
          "type": "renderModule",
          "assetId": "vE0DoM1TU6rn9z",
          "checksum": "e4a4325ba1fbaa9f7589b4389f03d663"
        },
        {
          "type": "cssRules",
          "assetId": "vE0DoM1TU6rn9z",
          "checksum": "e4a4325ba1fbaa9f7589b4389f03d663"
        },
        {
          "type": "renderModule",
          "assetId": "JKBfSHkRyq6wpK",
          "checksum": "d955baf7e802020d0e860a283895436a"
        },
        {
          "type": "cssRules",
          "assetId": "JKBfSHkRyq6wpK",
          "checksum": "d955baf7e802020d0e860a283895436a"
        },
        {
          "type": "renderModule",
          "assetId": "4nL5pwMDGMGgFe",
          "checksum": "c8ce99dad55a7be659c862177670e9f6"
        },
        {
          "type": "cssRules",
          "assetId": "4nL5pwMDGMGgFe",
          "checksum": "c8ce99dad55a7be659c862177670e9f6"
        },
        {
          "type": "renderModule",
          "assetId": "GSXYdWcH7rg-D_",
          "checksum": "f638dfc48e3e6ac8564169d95a073bb2"
        },
        {
          "type": "cssRules",
          "assetId": "GSXYdWcH7rg-D_",
          "checksum": "f638dfc48e3e6ac8564169d95a073bb2"
        },
        {
          "type": "renderModule",
          "assetId": "8TlZLTPF67J6NR",
          "checksum": "cd21afb142fab4840b4b47cc7d8927aa"
        },
        {
          "type": "cssRules",
          "assetId": "8TlZLTPF67J6NR",
          "checksum": "cd21afb142fab4840b4b47cc7d8927aa"
        },
        {
          "type": "renderModule",
          "assetId": "O6GXxwJ8FQB73v",
          "checksum": "5e0e73aa7e69d5398c8c3a3822394f77"
        },
        {
          "type": "cssRules",
          "assetId": "O6GXxwJ8FQB73v",
          "checksum": "5e0e73aa7e69d5398c8c3a3822394f77"
        },
        {
          "type": "renderModule",
          "assetId": "bosK7krf4zDvXC",
          "checksum": "27a3b1a44d6eb3f18e53f1b92ef469dd"
        },
        {
          "type": "cssRules",
          "assetId": "bosK7krf4zDvXC",
          "checksum": "27a3b1a44d6eb3f18e53f1b92ef469dd"
        },
        {
          "type": "renderModule",
          "assetId": "vbUGRBZ_l1",
          "checksum": "69a7fd41e0a82fb9b8a5de8c0f162609"
        },
        {
          "type": "cssRules",
          "assetId": "vbUGRBZ_l1",
          "checksum": "69a7fd41e0a82fb9b8a5de8c0f162609"
        },
        {
          "type": "renderModule",
          "assetId": "whvVhm_rOgr",
          "checksum": "a849ce6b2222a8292b942a655a0e1503"
        },
        {
          "type": "cssRules",
          "assetId": "whvVhm_rOgr",
          "checksum": "a849ce6b2222a8292b942a655a0e1503"
        },
        {
          "type": "renderModule",
          "assetId": "X7UHgUu4Dv-",
          "checksum": "f2cc3b8b19a86d4a148b9c50224b9767"
        },
        {
          "type": "cssRules",
          "assetId": "X7UHgUu4Dv-",
          "checksum": "f2cc3b8b19a86d4a148b9c50224b9767"
        },
        {
          "type": "renderModule",
          "assetId": "Dne9SssEBVU",
          "checksum": "b7f8dbf7c513cfbe28dfe3284b6f254b"
        },
        {
          "type": "cssRules",
          "assetId": "Dne9SssEBVU",
          "checksum": "b7f8dbf7c513cfbe28dfe3284b6f254b"
        },
        {
          "type": "renderModule",
          "assetId": "TOzAj5yUfoR",
          "checksum": "c211ae297072c24109da36a74ecbcd7a"
        },
        {
          "type": "cssRules",
          "assetId": "TOzAj5yUfoR",
          "checksum": "c211ae297072c24109da36a74ecbcd7a"
        },
        {
          "type": "renderModule",
          "assetId": "eDzLCW1ZjEb",
          "checksum": "e7886ca3d0762d2d09e910b35d9c8cf1"
        },
        {
          "type": "cssRules",
          "assetId": "eDzLCW1ZjEb",
          "checksum": "e7886ca3d0762d2d09e910b35d9c8cf1"
        },
        {
          "type": "renderModule",
          "assetId": "MxvU_cyYFXz",
          "checksum": "aa21bb4a5748f73c33ca0c1f202eb5c5"
        },
        {
          "type": "cssRules",
          "assetId": "MxvU_cyYFXz",
          "checksum": "aa21bb4a5748f73c33ca0c1f202eb5c5"
        },
        {
          "type": "renderModule",
          "assetId": "g1huIxoWqF",
          "checksum": "d23563a04ec56ebcfb5607edbbaaa746"
        },
        {
          "type": "cssRules",
          "assetId": "g1huIxoWqF",
          "checksum": "d23563a04ec56ebcfb5607edbbaaa746"
        },
        {
          "type": "renderModule",
          "assetId": "--NGB00WeF",
          "checksum": "1f9c33009dd29675e083ea4d99c10680"
        },
        {
          "type": "cssRules",
          "assetId": "--NGB00WeF",
          "checksum": "1f9c33009dd29675e083ea4d99c10680"
        },
        {
          "type": "renderModule",
          "assetId": "n519WuZQnL",
          "checksum": "09f0a0ecd24806ed39bb8ee24f682ee9"
        },
        {
          "type": "cssRules",
          "assetId": "n519WuZQnL",
          "checksum": "09f0a0ecd24806ed39bb8ee24f682ee9"
        },
        {
          "type": "renderModule",
          "assetId": "5wmWvgxHSq",
          "checksum": "66d308b3d68b212d258783b6d7f859e6"
        },
        {
          "type": "cssRules",
          "assetId": "5wmWvgxHSq",
          "checksum": "66d308b3d68b212d258783b6d7f859e6"
        },
        {
          "type": "renderModule",
          "assetId": "-JSYXb5Kcs-",
          "checksum": "cdc320ee5413b1d046aa281df0ad425b"
        },
        {
          "type": "cssRules",
          "assetId": "-JSYXb5Kcs-",
          "checksum": "cdc320ee5413b1d046aa281df0ad425b"
        },
        {
          "type": "renderModule",
          "assetId": "tHxQuQS5OMC",
          "checksum": "f51214cb6865be60e322e881a63853d0"
        },
        {
          "type": "cssRules",
          "assetId": "tHxQuQS5OMC",
          "checksum": "f51214cb6865be60e322e881a63853d0"
        },
        {
          "type": "renderModule",
          "assetId": "STkNCpl7YJqt",
          "checksum": "03506684dcca6947aebc57d2a00005f2"
        },
        {
          "type": "cssRules",
          "assetId": "STkNCpl7YJqt",
          "checksum": "03506684dcca6947aebc57d2a00005f2"
        },
        {
          "type": "icon",
          "assetId": "rhKJuzjg3zg4Ql",
          "checksum": "3fbbb0b66761b02f609adb7cbcdce7f8"
        },
        {
          "type": "icon",
          "assetId": "f07b0_5wXqsiZN",
          "checksum": "026c00d56604e93991f83362f6761024"
        },
        {
          "type": "icon",
          "assetId": "WMqYWOZejsllej",
          "checksum": "195330496f65b2bcff5d16dedeb6329a"
        },
        {
          "type": "icon",
          "assetId": "fZl3gIrpoxnKIq",
          "checksum": "cdc33682512f611bc93c241fc24e941d"
        },
        {
          "type": "icon",
          "assetId": "E4xmPf-t0zcnaE",
          "checksum": "df693febd60336efeb8f3c6ccd7cc7f5"
        },
        {
          "type": "icon",
          "assetId": "qBqpz0qACNumq7",
          "checksum": "0bf9d4559acc55e3a99d4ba263fe6b2e"
        },
        {
          "type": "icon",
          "assetId": "hHRjKbBvS6qv1Q",
          "checksum": "24a0bf0adbfde124d84a2a9dc29c3c5d"
        },
        {
          "type": "icon",
          "assetId": "M2BnL1MBxW_92I",
          "checksum": "615039a6c45b2c43c9113409b6444f0a"
        },
        {
          "type": "icon",
          "assetId": "OmPPmDTKMhoZ-8",
          "checksum": "97fa20bcc7783e443efca67a4679977d"
        },
        {
          "type": "icon",
          "assetId": "_Z9agIxFsUTi",
          "checksum": "9cdb32932cad52a7a99f3ba4e03f6787"
        },
        {
          "type": "icon",
          "assetId": "H-XXIFtkJJRM",
          "checksum": "7a5f87a3c0438aea9ade2870a3e4873b"
        },
        {
          "type": "icon",
          "assetId": "T9tAHQbMFKPI",
          "checksum": "feedb06f2ca5bf1b7b4c7dc98096b857"
        },
        {
          "type": "icon",
          "assetId": "WJNGrtuv_aVc",
          "checksum": "3dc77d2756b7f9a7549f33c6c920e4d4"
        },
        {
          "type": "icon",
          "assetId": "8qRdBmBY9oSD",
          "checksum": "2cac17f3cb6126e2217ad4033fa0b2ab"
        },
        {
          "type": "icon",
          "assetId": "-vyGrr9Bwjqv",
          "checksum": "54e92260ef3f2065a7c63b103165cc74"
        },
        {
          "type": "image",
          "assetId": "bLuWj_882s5WA8",
          "checksum": "81f3fb47ee024a1ec39987f36742c7c7"
        },
        {
          "type": "image",
          "assetId": "YmR6xv1J-f1Esi",
          "checksum": "7fb4b0a39d525339afd52fe400f56ca3"
        },
        {
          "type": "image",
          "assetId": "ru2Z-hbIQNkWTR",
          "checksum": "4edcd1ccb0cc32708d009b3b641bb33d"
        },
        {
          "type": "image",
          "assetId": "b-BfyhbK26VguU",
          "checksum": "09abe51728f422ace37a1a1817b1210e"
        },
        {
          "type": "image",
          "assetId": "DQt8Lrywp5EY_O",
          "checksum": "3de7eaf335222c5340ad887c7d3ecc09"
        },
        {
          "type": "image",
          "assetId": "0h0VIEGwVdcxJP",
          "checksum": "cf7e41a042181ebc53ab9ee3effe026f"
        },
        {
          "type": "image",
          "assetId": "I9fbl3u1FKbYZ_",
          "checksum": "8d3d15c9a45b8ce818da8478b3705e0e"
        },
        {
          "type": "image",
          "assetId": "fLaJ7hcTqqIS2I",
          "checksum": "95d55990b2bbb38f4207bd73b9a3d03e"
        },
        {
          "type": "image",
          "assetId": "LseGAIa9KBK2Ry",
          "checksum": "03e27d6f0b84c71035faf4e3841e8f7a"
        },
        {
          "type": "image",
          "assetId": "DY0NeudzdXBkpf",
          "checksum": "cf3e069c869280be99ba082f70fae8d6"
        },
        {
          "type": "image",
          "assetId": "Uy9TsAvTfD029Q",
          "checksum": "b384cf131547172919768a74f4aa49a6"
        },
        {
          "type": "image",
          "assetId": "aXbnEA-v_whQ2J",
          "checksum": "bc64a3cb49013cc3f388afbf1342397d"
        },
        {
          "type": "image",
          "assetId": "jgCKN2WUPbqxe_",
          "checksum": "052983e2ce3d7919a9c007622c3305be"
        },
        {
          "type": "image",
          "assetId": "2IhzvBvNAtBUMy",
          "checksum": "165483c08e2261f51ce60bd465534454"
        },
        {
          "type": "image",
          "assetId": "OnAAWFkNjyhRId",
          "checksum": "b877a21f352083766ad84bc5dc4f908a"
        },
        {
          "type": "image",
          "assetId": "7juhkujmK5Hd9S",
          "checksum": "1907b9eda94a3e9a886e5385f9e5378b"
        },
        {
          "type": "image",
          "assetId": "GzkLvMczNSldLg",
          "checksum": "ee2951daf1b74ff29d5bddc4d6548aad"
        },
        {
          "type": "image",
          "assetId": "voZ-TNWnVRIO8s",
          "checksum": "bf15f43060ca3af6315743d6bb4d34bc"
        },
        {
          "type": "image",
          "assetId": "fpm_hXDoBmlqfS",
          "checksum": "15574cb04b16aa9279b801baf7ddebf0"
        },
        {
          "type": "image",
          "assetId": "M6T96C2Zc4690V",
          "checksum": "416566b1287cece9ae3adcfc1babf88b"
        },
        {
          "type": "image",
          "assetId": "GnuzGLqlRIxOq3",
          "checksum": "7a8cde0ad3bf5e7ea3851fadfb0eddcd"
        },
        {
          "type": "image",
          "assetId": "o2FTYvPggTAy2d",
          "checksum": "9bd53f73e4639eba04ce5138df725026"
        },
        {
          "type": "image",
          "assetId": "4s5-CewUZZ1h5E",
          "checksum": "1596424e9bf8036d9a6cfce2c939a70c"
        },
        {
          "type": "image",
          "assetId": "ikTPW5EPmliPiz",
          "checksum": "319a838c516620692eaf327ccf12e269"
        },
        {
          "type": "image",
          "assetId": "GNYyFG9EjAOGIT",
          "checksum": "5ab0aabafbc97bd0faf6268e7e8764c8"
        },
        {
          "type": "image",
          "assetId": "MSJzlYGoHIvHYl",
          "checksum": "fc49edaab9e0c57492afc93fe18cba0b"
        },
        {
          "type": "image",
          "assetId": "Z4baBBrLipZmcj",
          "checksum": "2d01b2ec382c2aca770d4f95dc227f71"
        },
        {
          "type": "image",
          "assetId": "A2NCe6Ry-IMNig",
          "checksum": "a8fc606d91221a778db0b10fd8d127af"
        },
        {
          "type": "image",
          "assetId": "Ms_uuZRcPJLiVP",
          "checksum": "7770a50e686b25d5f8a018acd4964b63"
        },
        {
          "type": "image",
          "assetId": "pKMjy6UIXy43pM",
          "checksum": "6b13fd4404cb8aa71857e2c14552df2e"
        },
        {
          "type": "image",
          "assetId": "-uGe0CST8QewHS",
          "checksum": "3b189017d7a8998cd63e1d06c0ce659e"
        },
        {
          "type": "image",
          "assetId": "vPJEk2CzfyQizj",
          "checksum": "bfc9cbc15660364cd93ca784fff016aa"
        },
        {
          "type": "image",
          "assetId": "krYjTlYONPjhps",
          "checksum": "f615e07fbb7271c7fe845f9d7936f5db"
        },
        {
          "type": "image",
          "assetId": "j9LmSLLwLStD3r",
          "checksum": "73eee78afdec52b8871d70d92ea473df"
        },
        {
          "type": "image",
          "assetId": "OaK48TYOHfXHaH",
          "checksum": "cfd5ee88c0bcea335cc6be7aff6b5c55"
        },
        {
          "type": "image",
          "assetId": "cO25vk-53a_8SY",
          "checksum": "6120ac56117636edbe7c9283777eb0d7"
        },
        {
          "type": "image",
          "assetId": "Vm33nuq84hU2Bm",
          "checksum": "4a013de278b9041242a442ce0649b7c0"
        },
        {
          "type": "image",
          "assetId": "CVs7wlDTF",
          "checksum": "ddce5a76a9d426b4d79129604cf4f7a5"
        },
        {
          "type": "image",
          "assetId": "Hst39t7Yd",
          "checksum": "5cb8fd169e58c4da34636196bdb75f12"
        },
        {
          "type": "image",
          "assetId": "8u6ImGZRm",
          "checksum": "a82ec6045a37d2bc9efad34394449916"
        },
        {
          "type": "image",
          "assetId": "OGWRV527e",
          "checksum": "5819440f60c848df454577f1d7a8788f"
        },
        {
          "type": "image",
          "assetId": "8bmqGfUdD",
          "checksum": "490b9e9a241d783161080c65cfec90f8"
        },
        {
          "type": "image",
          "assetId": "8-E3BZ_KE",
          "checksum": "314634ace9de9ed4a2fbcc67dd1ca44c"
        },
        {
          "type": "image",
          "assetId": "u43ZPLgct",
          "checksum": "2d1be9e74f4b3c8944b540164a5c746e"
        },
        {
          "type": "image",
          "assetId": "yf5JFgyVa",
          "checksum": "7b7692c0c03c96219def019f8c9f1711"
        },
        {
          "type": "image",
          "assetId": "8HZdb1pzx",
          "checksum": "cf1b0d95fbc58ec62cbe37723e540a44"
        },
        {
          "type": "image",
          "assetId": "daPkZOKd7",
          "checksum": "35feabdd04ae0fbf691a299ab635adb0"
        },
        {
          "type": "image",
          "assetId": "bsfyct-F6",
          "checksum": "6431ed42953c4a646a275a11c951ea36"
        },
        {
          "type": "image",
          "assetId": "K-mCWFjTm",
          "checksum": "eeda15977546c0ef467a661749857c86"
        },
        {
          "type": "image",
          "assetId": "w4Rn2FN_0",
          "checksum": "1a6e750116a510add4da846aab97e428"
        },
        {
          "type": "image",
          "assetId": "JW2EqwssI",
          "checksum": "79ffd1c0fd7f27dc2c7da90a8343f95a"
        },
        {
          "type": "image",
          "assetId": "lr3RwOW6M",
          "checksum": "417437255d27fd5a9eae3a79c785db9c"
        },
        {
          "type": "image",
          "assetId": "SvQSCFkJC",
          "checksum": "29fefabd289c47e34f675425fb4da1f1"
        },
        {
          "type": "image",
          "assetId": "_n4Y3rqaXX0g",
          "checksum": "a9d95b96dba5c4f1ab5700925bf3c201"
        },
        {
          "type": "image",
          "assetId": "5Y8YSc7h9wBK",
          "checksum": "fbf87bf515c0eec477b391cfd93b7dcc"
        },
        {
          "type": "image",
          "assetId": "0MgKnCS7xoQa",
          "checksum": "d1426c946e5dce158977d3084ead1815"
        },
        {
          "type": "image",
          "assetId": "jegQJmEhnxxw",
          "checksum": "d2de1d3eeaedaa92beb7efc6fd081e62"
        },
        {
          "type": "image",
          "assetId": "ynbW8Xm8TRQ6",
          "checksum": "1d49793c38a9b7e9c1d2ee5d5c30ae4a"
        },
        {
          "type": "image",
          "assetId": "gqWCWVXmVSeX",
          "checksum": "2a2a73144d5e4b51805aea41b416997b"
        },
        {
          "type": "image",
          "assetId": "WkqJHMD5_61h",
          "checksum": "d14c70a782db6016be265f5a776b2da2"
        },
        {
          "type": "image",
          "assetId": "j70SlNTS0hJ7",
          "checksum": "d75ad6ae37827940fbcc069713cecdfc"
        },
        {
          "type": "image",
          "assetId": "O6-I18JkY7Np",
          "checksum": "5e1059505975682274a308338db304e8"
        },
        {
          "type": "image",
          "assetId": "MAP9SCuZ3Abr",
          "checksum": "59301721b0465e69d2dd4192b7088007"
        },
        {
          "type": "image",
          "assetId": "nzbUmQwNnAFa",
          "checksum": "ac7ed20d2d4bc1172fee07fa64841d42"
        },
        {
          "type": "image",
          "assetId": "sZ2JKkmAgGMN",
          "checksum": "058e0978a789905fb2cbf7b12778e1aa"
        },
        {
          "type": "image",
          "assetId": "g1JKxngiQnPQ",
          "checksum": "59790bdd0d36531aba4d2e8dc1f23178"
        },
        {
          "type": "image",
          "assetId": "bOpbY9cOiU2O",
          "checksum": "b332656dd889e0112bfce0339ea91815"
        },
        {
          "type": "image",
          "assetId": "UJR8So0m3_M9",
          "checksum": "293fb0704c2ef6cf5ad119b675920bb0"
        },
        {
          "type": "image",
          "assetId": "cadKvaTaHQTb",
          "checksum": "c04cd9cb75a4b5675f6228f6931712a7"
        },
        {
          "type": "image",
          "assetId": "Xr-8W8wKyk5g",
          "checksum": "0c15338ea49a1e5de19c6ac218036ddb"
        },
        {
          "type": "image",
          "assetId": "RqJD5TkFl0J3",
          "checksum": "887de2401a0e33fa282640da8301ee71"
        },
        {
          "type": "image",
          "assetId": "B3cyJEPKfw-2",
          "checksum": "117aeed4d92b3f722ff936968e0288e7"
        },
        {
          "type": "image",
          "assetId": "srRLEOjtCNWl",
          "checksum": "0a7ef4e7365947cd7cf07e87a2f117e8"
        },
        {
          "type": "image",
          "assetId": "-HDIRiYq2Zmj",
          "checksum": "ac856e886810a34229919765104d1789"
        },
        {
          "type": "image",
          "assetId": "R-Rk0ctGrUcW",
          "checksum": "2222558985010cf5413fef014cf5dfe1"
        },
        {
          "type": "image",
          "assetId": "LC09yS3EaS7w",
          "checksum": "24427029fb363efa38b3bab5727eebcf"
        },
        {
          "type": "image",
          "assetId": "NvPZkw_vj3ff",
          "checksum": "d24d4115c6c485a08b3e17e5db52399a"
        },
        {
          "type": "image",
          "assetId": "womyFj3E7Fbq",
          "checksum": "b2eca43b1c5240aa5638ece602a1053e"
        },
        {
          "type": "image",
          "assetId": "xgU5gu8yTbuV",
          "checksum": "49e98829670336f808601ab05ec464f1"
        },
        {
          "type": "image",
          "assetId": "_leTFNRZMqlF",
          "checksum": "4541aea2005dc298e05d7e355803a739"
        },
        {
          "type": "image",
          "assetId": "Od4UQdaztWs_",
          "checksum": "01c3fbd87c1debb04009e6c508bbd6e6"
        },
        {
          "type": "image",
          "assetId": "RCyjybys1pK0",
          "checksum": "3bfb81b2274e71e7967a2b18cb492f83"
        },
        {
          "type": "image",
          "assetId": "sTxcKwoxZPKc",
          "checksum": "0686a341078e5704413a943cfe6017e2"
        },
        {
          "type": "image",
          "assetId": "1qPT-MZNg6Yb",
          "checksum": "b3809af0d389fd55b6e20961d38b3280"
        },
        {
          "type": "image",
          "assetId": "uv7XZfWesM8B",
          "checksum": "2e6688937e083dfad442002375864f61"
        },
        {
          "type": "image",
          "assetId": "isspGDhkhITJ",
          "checksum": "2394cca7eb3b2e8a59e6930f819015dc"
        },
        {
          "type": "image",
          "assetId": "r4zj45XuxCLa",
          "checksum": "1ecfe05fec935ef380bbcae4def24ab6"
        },
        {
          "type": "image",
          "assetId": "cPPsZ8-6ioCE",
          "checksum": "393ae43ec28ea41107c381e5aff1a467"
        },
        {
          "type": "image",
          "assetId": "VUYImlqI40rE",
          "checksum": "6f7ebfd1c11591dc1c02b98db5f62953"
        },
        {
          "type": "image",
          "assetId": "HQ5W2Pq_g7YS",
          "checksum": "1f5f895bc324402dfeab0b2550873fbd"
        },
        {
          "type": "image",
          "assetId": "aTlT9_z_iV78",
          "checksum": "f94d9bca2ff68e498ecb5b128c75f32b"
        },
        {
          "type": "image",
          "assetId": "huVgVzgllU7f",
          "checksum": "cfc2bf7e278cff72cd3106838730fd29"
        },
        {
          "assetId": "jFJFziXZKhcspnrEU1bpXe",
          "type": "projectCss",
          "checksum": "779c1cd855cbadcf412b611165accbb4"
        }
      ],
      "codegenVersion": "0.0.1"
    }
  ],
  "cliVersion": "0.1.335"
}
